
Microsoft Visual Studio Solution File, Format Version 12.00
# Visual Studio Version 17
VisualStudioVersion = 17.1.32319.34
MinimumVisualStudioVersion = 10.0.40219.1
Project("{9A19103F-16F7-4668-BE54-9A1E7A4F7556}") = "BasicEshopCrud.Api", "src\BasicEshopCrud.Api\BasicEshopCrud.Api.csproj", "{A92D1784-734D-4CA7-BFC9-51600FBC106D}"
EndProject
Project("{9A19103F-16F7-4668-BE54-9A1E7A4F7556}") = "BasicEshopCrud.Api.Tests", "test\BasicEshopCrud.Api.Tests\BasicEshopCrud.Api.Tests.csproj", "{70C5E40D-D8FC-4762-A98E-760489634ECB}"
EndProject
Project("{9A19103F-16F7-4668-BE54-9A1E7A4F7556}") = "BasicEshopCrud.Api.Contracts", "src\BasicEshopCrud.Api.Contracts\BasicEshopCrud.Api.Contracts.csproj", "{B1B1F270-3E80-47EC-ABDC-8213A57D2B9B}"
EndProject
Project("{9A19103F-16F7-4668-BE54-9A1E7A4F7556}") = "BasicEshopCrud.Api.IntegrationTests", "test\BasicEshopCrud.Api.IntegrationTests\BasicEshopCrud.Api.IntegrationTests.csproj", "{2F9A6193-6BD6-4371-8696-647BE8382CAC}"
EndProject
Project("{9A19103F-16F7-4668-BE54-9A1E7A4F7556}") = "BasicEshopCrud.Infrastructure", "src\BasicEshopCrud.Infrastructure\BasicEshopCrud.Infrastructure.csproj", "{1AB89405-6E90-43CE-B3DA-ADEEC2697442}"
EndProject
Project("{FAE04EC0-301F-11D3-BF4B-00C04F79EFBC}") = "BasicEshopCrud.Domain", "src\BasicEshopCrud.Domain\BasicEshopCrud.Domain.csproj", "{10387D0B-CA25-4C0F-B9FB-A05245C070F3}"
EndProject
Global
	GlobalSection(SolutionConfigurationPlatforms) = preSolution
		Debug|Any CPU = Debug|Any CPU
		Release|Any CPU = Release|Any CPU
	EndGlobalSection
	GlobalSection(ProjectConfigurationPlatforms) = postSolution
		{A92D1784-734D-4CA7-BFC9-51600FBC106D}.Debug|Any CPU.ActiveCfg = Debug|Any CPU
		{A92D1784-734D-4CA7-BFC9-51600FBC106D}.Debug|Any CPU.Build.0 = Debug|Any CPU
		{A92D1784-734D-4CA7-BFC9-51600FBC106D}.Release|Any CPU.ActiveCfg = Release|Any CPU
		{A92D1784-734D-4CA7-BFC9-51600FBC106D}.Release|Any CPU.Build.0 = Release|Any CPU
		{70C5E40D-D8FC-4762-A98E-760489634ECB}.Debug|Any CPU.ActiveCfg = Debug|Any CPU
		{70C5E40D-D8FC-4762-A98E-760489634ECB}.Debug|Any CPU.Build.0 = Debug|Any CPU
		{70C5E40D-D8FC-4762-A98E-760489634ECB}.Release|Any CPU.ActiveCfg = Release|Any CPU
		{70C5E40D-D8FC-4762-A98E-760489634ECB}.Release|Any CPU.Build.0 = Release|Any CPU
		{B1B1F270-3E80-47EC-ABDC-8213A57D2B9B}.Debug|Any CPU.ActiveCfg = Debug|Any CPU
		{B1B1F270-3E80-47EC-ABDC-8213A57D2B9B}.Debug|Any CPU.Build.0 = Debug|Any CPU
		{B1B1F270-3E80-47EC-ABDC-8213A57D2B9B}.Release|Any CPU.ActiveCfg = Release|Any CPU
		{B1B1F270-3E80-47EC-ABDC-8213A57D2B9B}.Release|Any CPU.Build.0 = Release|Any CPU
		{2F9A6193-6BD6-4371-8696-647BE8382CAC}.Debug|Any CPU.ActiveCfg = Debug|Any CPU
		{2F9A6193-6BD6-4371-8696-647BE8382CAC}.Debug|Any CPU.Build.0 = Debug|Any CPU
		{2F9A6193-6BD6-4371-8696-647BE8382CAC}.Release|Any CPU.ActiveCfg = Release|Any CPU
		{2F9A6193-6BD6-4371-8696-647BE8382CAC}.Release|Any CPU.Build.0 = Release|Any CPU
		{1AB89405-6E90-43CE-B3DA-ADEEC2697442}.Debug|Any CPU.ActiveCfg = Debug|Any CPU
		{1AB89405-6E90-43CE-B3DA-ADEEC2697442}.Debug|Any CPU.Build.0 = Debug|Any CPU
		{1AB89405-6E90-43CE-B3DA-ADEEC2697442}.Release|Any CPU.ActiveCfg = Release|Any CPU
		{1AB89405-6E90-43CE-B3DA-ADEEC2697442}.Release|Any CPU.Build.0 = Release|Any CPU
		{10387D0B-CA25-4C0F-B9FB-A05245C070F3}.Debug|Any CPU.ActiveCfg = Debug|Any CPU
		{10387D0B-CA25-4C0F-B9FB-A05245C070F3}.Debug|Any CPU.Build.0 = Debug|Any CPU
		{10387D0B-CA25-4C0F-B9FB-A05245C070F3}.Release|Any CPU.ActiveCfg = Release|Any CPU
		{10387D0B-CA25-4C0F-B9FB-A05245C070F3}.Release|Any CPU.Build.0 = Release|Any CPU
	EndGlobalSection
	GlobalSection(SolutionProperties) = preSolution
		HideSolutionNode = FALSE
	EndGlobalSection
	GlobalSection(ExtensibilityGlobals) = postSolution
		SolutionGuid = {0A8FAA76-8294-487C-B3CB-FB568EA6FF1B}
	EndGlobalSection
EndGlobal
